{
  "name": "mastodon-lite-webthing",
  "version": "0.0.14",
  "lockfileVersion": 1,
  "requires": true,
  "dependencies": {
    "iotjs-express": {
      "version": "0.0.7",
      "resolved": "https://registry.npmjs.org/iotjs-express/-/iotjs-express-0.0.7.tgz",
      "integrity": "sha512-rgqj+rkWqTXk7fMFdVdzv6Vsq6jzD7+LSRoMsPC4UUqo4Zq5a9euiAZ5PH0YX2jIynmzxrE+rssF4VhyQqMFGw=="
    },
    "webthing-iotjs": {
      "version": "0.11.3-0",
      "resolved": "https://registry.npmjs.org/webthing-iotjs/-/webthing-iotjs-0.11.3-0.tgz",
      "integrity": "sha512-usa82dPKIQovh8uXFU/6jo+5MoX1Kx0z7jdq5+0R+MnygAOeH2VWkDtpgBB6YPuZhuqgrFknPog8+rvdwCZr9w==",
      "requires": {
        "iotjs-express": "0.0.7"
      }
    }
  }
}
