{
  "name": "mastodon-lite-webthing",
  "version": "0.0.21",
  "lockfileVersion": 1,
  "requires": true,
  "dependencies": {
    "iotjs-express": {
      "version": "0.0.14",
      "resolved": "https://registry.npmjs.org/iotjs-express/-/iotjs-express-0.0.14.tgz",
      "integrity": "sha512-tL0T3C7FTqIBsyKtvMzS9NQAyRAg348K2bjUqsal0dSsqNiwzTN+AkJs/cXkELkoOQ9wrEh9VY8PpEVcz+5Ynw=="
    },
    "webthing-iotjs": {
      "version": "0.12.1",
      "resolved": "https://registry.npmjs.org/webthing-iotjs/-/webthing-iotjs-0.12.1.tgz",
      "integrity": "sha512-io7mZmOh+1QgVp7coUIXNZEVT2IKpTz4XeLCK/3gdxdJU5t3t9EclgafJUzWIkcP5+ODIycFWFiIu+v6PyP91A==",
      "requires": {
        "iotjs-express": "^0.0.14"
      }
    }
  }
}
