{
  "name": "mastodon-lite-webthing",
  "version": "0.0.23",
  "lockfileVersion": 1,
  "requires": true,
  "dependencies": {
    "iotjs-express": {
      "version": "0.0.19",
      "resolved": "https://registry.npmjs.org/iotjs-express/-/iotjs-express-0.0.19.tgz",
      "integrity": "sha512-xZx+rm9DK1NfaVObznK7vtXO5YFhhI0doFi5lrztVzUYxSJnllYTKQMAoZy2+3y/wJW5dGHqvip1kf0NEVm+qw=="
    },
    "webthing-iotjs": {
      "version": "0.12.3",
      "resolved": "https://registry.npmjs.org/webthing-iotjs/-/webthing-iotjs-0.12.3.tgz",
      "integrity": "sha512-lLZlekKt+7VY92OqoGiZP8a2AwUfygumS6B1VjRYZBuSuDMgtSnKWqs51sf8WzFRMGSzNEg8060lmnQYyznGyA==",
      "requires": {
        "iotjs-express": "^0.0.19"
      }
    }
  }
}
